
Microsoft Visual Studio Solution File, Format Version 12.00
# Visual Studio Version 16
VisualStudioVersion = 16.0.32602.291
MinimumVisualStudioVersion = 10.0.40219.1
Project("{2150E333-8FDC-42A3-9474-1A3956D46DE8}") = "Services", "Services", "{48D50719-EFB7-4608-87AB-F3CABA90459F}"
EndProject
Project("{2150E333-8FDC-42A3-9474-1A3956D46DE8}") = "UI", "UI", "{2AA7E821-14C8-4F88-8F7B-A97FD1FD81FD}"
EndProject
Project("{2150E333-8FDC-42A3-9474-1A3956D46DE8}") = "Account", "Account", "{66E0E8A6-DB12-4BE3-984D-691D34B2562D}"
EndProject
Project("{2150E333-8FDC-42A3-9474-1A3956D46DE8}") = "Transaction", "Transaction", "{DE9CE702-766E-43EE-AED5-F207C98B990D}"
EndProject
Project("{2150E333-8FDC-42A3-9474-1A3956D46DE8}") = "Authentication", "Authentication", "{612C6DC3-5196-476F-923C-5EB143A07D7F}"
EndProject
Project("{2150E333-8FDC-42A3-9474-1A3956D46DE8}") = "Customer", "Customer", "{06DCAD17-8AD2-44F3-A3D4-6245CEDEB610}"
EndProject
Project("{2150E333-8FDC-42A3-9474-1A3956D46DE8}") = "Rules", "Rules", "{8F965255-89A2-4EBC-91F1-434516DDB922}"
EndProject
Project("{9A19103F-16F7-4668-BE54-9A1E7A4F7556}") = "AccountMicroservice", "AccountMicroservice\AccountMicroservice.csproj", "{4D839503-FEEB-41C3-8A8D-E0C004785ADC}"
EndProject
Project("{9A19103F-16F7-4668-BE54-9A1E7A4F7556}") = "AuthenticationMicroservice", "AuthenticationMicroservice\AuthenticationMicroservice.csproj", "{02E98761-3D8D-4204-A927-B8FD338F0E25}"
EndProject
Project("{9A19103F-16F7-4668-BE54-9A1E7A4F7556}") = "CustomerMicroservice", "CustomerMicroservice\CustomerMicroservice.csproj", "{FC59632C-623C-4722-9D67-42BD65BDAE06}"
EndProject
Project("{9A19103F-16F7-4668-BE54-9A1E7A4F7556}") = "RulesMicroservice", "RulesMicroservice\RulesMicroservice.csproj", "{19A516AB-05D6-48D8-8A6D-83BBD0C7D135}"
EndProject
Project("{9A19103F-16F7-4668-BE54-9A1E7A4F7556}") = "TransactionMicroservice", "TransactionMicroservice\TransactionMicroservice.csproj", "{B33AA164-9318-4BA8-8637-6340BBF07A15}"
EndProject
Project("{9A19103F-16F7-4668-BE54-9A1E7A4F7556}") = "BankUI", "BankUI\BankUI.csproj", "{DCAB740F-3C73-48AA-9AF4-57ACF6BF0FB0}"
EndProject
Project("{FAE04EC0-301F-11D3-BF4B-00C04F79EFBC}") = "AccountMicroservicesTests", "AccountMicroservicesTests\AccountMicroservicesTests.csproj", "{EF4CDF3C-C31C-4B94-B58C-4E4A9953F975}"
EndProject
Project("{FAE04EC0-301F-11D3-BF4B-00C04F79EFBC}") = "CustomerMicroserviceTests", "CustomerMicroserviceTests\CustomerMicroserviceTests.csproj", "{4B080D41-3FBB-4042-8719-279C7B0D4D1B}"
EndProject
Project("{FAE04EC0-301F-11D3-BF4B-00C04F79EFBC}") = "TransactionMicroserviceTests", "TransactionMicroserviceTests\TransactionMicroserviceTests.csproj", "{F14D631E-2D8F-43DB-8FC8-ECAB4E6BC199}"
EndProject
Global
	GlobalSection(SolutionConfigurationPlatforms) = preSolution
		Debug|Any CPU = Debug|Any CPU
		Release|Any CPU = Release|Any CPU
	EndGlobalSection
	GlobalSection(ProjectConfigurationPlatforms) = postSolution
		{4D839503-FEEB-41C3-8A8D-E0C004785ADC}.Debug|Any CPU.ActiveCfg = Debug|Any CPU
		{4D839503-FEEB-41C3-8A8D-E0C004785ADC}.Debug|Any CPU.Build.0 = Debug|Any CPU
		{4D839503-FEEB-41C3-8A8D-E0C004785ADC}.Release|Any CPU.ActiveCfg = Release|Any CPU
		{4D839503-FEEB-41C3-8A8D-E0C004785ADC}.Release|Any CPU.Build.0 = Release|Any CPU
		{02E98761-3D8D-4204-A927-B8FD338F0E25}.Debug|Any CPU.ActiveCfg = Debug|Any CPU
		{02E98761-3D8D-4204-A927-B8FD338F0E25}.Debug|Any CPU.Build.0 = Debug|Any CPU
		{02E98761-3D8D-4204-A927-B8FD338F0E25}.Release|Any CPU.ActiveCfg = Release|Any CPU
		{02E98761-3D8D-4204-A927-B8FD338F0E25}.Release|Any CPU.Build.0 = Release|Any CPU
		{FC59632C-623C-4722-9D67-42BD65BDAE06}.Debug|Any CPU.ActiveCfg = Debug|Any CPU
		{FC59632C-623C-4722-9D67-42BD65BDAE06}.Debug|Any CPU.Build.0 = Debug|Any CPU
		{FC59632C-623C-4722-9D67-42BD65BDAE06}.Release|Any CPU.ActiveCfg = Release|Any CPU
		{FC59632C-623C-4722-9D67-42BD65BDAE06}.Release|Any CPU.Build.0 = Release|Any CPU
		{19A516AB-05D6-48D8-8A6D-83BBD0C7D135}.Debug|Any CPU.ActiveCfg = Debug|Any CPU
		{19A516AB-05D6-48D8-8A6D-83BBD0C7D135}.Debug|Any CPU.Build.0 = Debug|Any CPU
		{19A516AB-05D6-48D8-8A6D-83BBD0C7D135}.Release|Any CPU.ActiveCfg = Release|Any CPU
		{19A516AB-05D6-48D8-8A6D-83BBD0C7D135}.Release|Any CPU.Build.0 = Release|Any CPU
		{B33AA164-9318-4BA8-8637-6340BBF07A15}.Debug|Any CPU.ActiveCfg = Debug|Any CPU
		{B33AA164-9318-4BA8-8637-6340BBF07A15}.Debug|Any CPU.Build.0 = Debug|Any CPU
		{B33AA164-9318-4BA8-8637-6340BBF07A15}.Release|Any CPU.ActiveCfg = Release|Any CPU
		{B33AA164-9318-4BA8-8637-6340BBF07A15}.Release|Any CPU.Build.0 = Release|Any CPU
		{DCAB740F-3C73-48AA-9AF4-57ACF6BF0FB0}.Debug|Any CPU.ActiveCfg = Debug|Any CPU
		{DCAB740F-3C73-48AA-9AF4-57ACF6BF0FB0}.Debug|Any CPU.Build.0 = Debug|Any CPU
		{DCAB740F-3C73-48AA-9AF4-57ACF6BF0FB0}.Release|Any CPU.ActiveCfg = Release|Any CPU
		{DCAB740F-3C73-48AA-9AF4-57ACF6BF0FB0}.Release|Any CPU.Build.0 = Release|Any CPU
		{EF4CDF3C-C31C-4B94-B58C-4E4A9953F975}.Debug|Any CPU.ActiveCfg = Debug|Any CPU
		{EF4CDF3C-C31C-4B94-B58C-4E4A9953F975}.Debug|Any CPU.Build.0 = Debug|Any CPU
		{EF4CDF3C-C31C-4B94-B58C-4E4A9953F975}.Release|Any CPU.ActiveCfg = Release|Any CPU
		{EF4CDF3C-C31C-4B94-B58C-4E4A9953F975}.Release|Any CPU.Build.0 = Release|Any CPU
		{4B080D41-3FBB-4042-8719-279C7B0D4D1B}.Debug|Any CPU.ActiveCfg = Debug|Any CPU
		{4B080D41-3FBB-4042-8719-279C7B0D4D1B}.Debug|Any CPU.Build.0 = Debug|Any CPU
		{4B080D41-3FBB-4042-8719-279C7B0D4D1B}.Release|Any CPU.ActiveCfg = Release|Any CPU
		{4B080D41-3FBB-4042-8719-279C7B0D4D1B}.Release|Any CPU.Build.0 = Release|Any CPU
		{F14D631E-2D8F-43DB-8FC8-ECAB4E6BC199}.Debug|Any CPU.ActiveCfg = Debug|Any CPU
		{F14D631E-2D8F-43DB-8FC8-ECAB4E6BC199}.Debug|Any CPU.Build.0 = Debug|Any CPU
		{F14D631E-2D8F-43DB-8FC8-ECAB4E6BC199}.Release|Any CPU.ActiveCfg = Release|Any CPU
		{F14D631E-2D8F-43DB-8FC8-ECAB4E6BC199}.Release|Any CPU.Build.0 = Release|Any CPU
	EndGlobalSection
	GlobalSection(SolutionProperties) = preSolution
		HideSolutionNode = FALSE
	EndGlobalSection
	GlobalSection(NestedProjects) = preSolution
		{66E0E8A6-DB12-4BE3-984D-691D34B2562D} = {48D50719-EFB7-4608-87AB-F3CABA90459F}
		{DE9CE702-766E-43EE-AED5-F207C98B990D} = {48D50719-EFB7-4608-87AB-F3CABA90459F}
		{612C6DC3-5196-476F-923C-5EB143A07D7F} = {48D50719-EFB7-4608-87AB-F3CABA90459F}
		{06DCAD17-8AD2-44F3-A3D4-6245CEDEB610} = {48D50719-EFB7-4608-87AB-F3CABA90459F}
		{8F965255-89A2-4EBC-91F1-434516DDB922} = {48D50719-EFB7-4608-87AB-F3CABA90459F}
		{4D839503-FEEB-41C3-8A8D-E0C004785ADC} = {66E0E8A6-DB12-4BE3-984D-691D34B2562D}
		{02E98761-3D8D-4204-A927-B8FD338F0E25} = {612C6DC3-5196-476F-923C-5EB143A07D7F}
		{FC59632C-623C-4722-9D67-42BD65BDAE06} = {06DCAD17-8AD2-44F3-A3D4-6245CEDEB610}
		{19A516AB-05D6-48D8-8A6D-83BBD0C7D135} = {8F965255-89A2-4EBC-91F1-434516DDB922}
		{B33AA164-9318-4BA8-8637-6340BBF07A15} = {DE9CE702-766E-43EE-AED5-F207C98B990D}
		{DCAB740F-3C73-48AA-9AF4-57ACF6BF0FB0} = {2AA7E821-14C8-4F88-8F7B-A97FD1FD81FD}
		{EF4CDF3C-C31C-4B94-B58C-4E4A9953F975} = {66E0E8A6-DB12-4BE3-984D-691D34B2562D}
		{4B080D41-3FBB-4042-8719-279C7B0D4D1B} = {06DCAD17-8AD2-44F3-A3D4-6245CEDEB610}
		{F14D631E-2D8F-43DB-8FC8-ECAB4E6BC199} = {DE9CE702-766E-43EE-AED5-F207C98B990D}
	EndGlobalSection
	GlobalSection(ExtensibilityGlobals) = postSolution
		SolutionGuid = {F2399500-A5F0-4F4F-A548-DFB1DE9E0ABC}
	EndGlobalSection
EndGlobal
